
Microsoft Visual Studio Solution File, Format Version 12.00
# Visual Studio Version 17
VisualStudioVersion = 17.11.35312.102
MinimumVisualStudioVersion = 10.0.40219.1
Project("{FAE04EC0-301F-11D3-BF4B-00C04F79EFBC}") = "CKTDotNetTraining", "CKTDotNetTraining.csproj", "{F9D145B0-27AE-4655-8165-E3C540C6B9D3}"
EndProject
Global
	GlobalSection(SolutionConfigurationPlatforms) = preSolution
		Debug|Any CPU = Debug|Any CPU
		Release|Any CPU = Release|Any CPU
	EndGlobalSection
	GlobalSection(ProjectConfigurationPlatforms) = postSolution
		{F9D145B0-27AE-4655-8165-E3C540C6B9D3}.Debug|Any CPU.ActiveCfg = Debug|Any CPU
		{F9D145B0-27AE-4655-8165-E3C540C6B9D3}.Debug|Any CPU.Build.0 = Debug|Any CPU
		{F9D145B0-27AE-4655-8165-E3C540C6B9D3}.Release|Any CPU.ActiveCfg = Release|Any CPU
		{F9D145B0-27AE-4655-8165-E3C540C6B9D3}.Release|Any CPU.Build.0 = Release|Any CPU
	EndGlobalSection
	GlobalSection(SolutionProperties) = preSolution
		HideSolutionNode = FALSE
	EndGlobalSection
	GlobalSection(ExtensibilityGlobals) = postSolution
		SolutionGuid = {80F49E2A-EC1B-4813-9CA3-95FC5BC1D799}
	EndGlobalSection
EndGlobal
