
Microsoft Visual Studio Solution File, Format Version 12.00
# Visual Studio Version 17
VisualStudioVersion = 17.11.35312.102
MinimumVisualStudioVersion = 10.0.40219.1
Project("{9A19103F-16F7-4668-BE54-9A1E7A4F7556}") = "CKTDotNetTraining", "CKTDotNetTraining.csproj", "{F9D145B0-27AE-4655-8165-E3C540C6B9D3}"
EndProject
Project("{9A19103F-16F7-4668-BE54-9A1E7A4F7556}") = "Datatabaselib", "..\Datatabaselib\Datatabaselib.csproj", "{9B4ACC98-70AC-4D03-BCEA-744D405B9E28}"
EndProject
Project("{9A19103F-16F7-4668-BE54-9A1E7A4F7556}") = "ConsoleApp1", "..\ConsoleApp1\ConsoleApp1.csproj", "{EE59B644-B0F1-4437-B68B-BC7366F9E77B}"
EndProject
Project("{9A19103F-16F7-4668-BE54-9A1E7A4F7556}") = "RestfulAPI", "..\RestfulAPI\RestfulAPI.csproj", "{B7800BB9-0FF7-46D0-90DE-BCB4B8A3F2F3}"
EndProject
Project("{2150E333-8FDC-42A3-9474-1A3956D46DE8}") = "Document", "Document", "{456E65C3-084F-4DDE-A8BD-290174167B2D}"
	ProjectSection(SolutionItems) = preProject
		README.md = README.md
	EndProjectSection
EndProject
Global
	GlobalSection(SolutionConfigurationPlatforms) = preSolution
		Debug|Any CPU = Debug|Any CPU
		Release|Any CPU = Release|Any CPU
	EndGlobalSection
	GlobalSection(ProjectConfigurationPlatforms) = postSolution
		{F9D145B0-27AE-4655-8165-E3C540C6B9D3}.Debug|Any CPU.ActiveCfg = Debug|Any CPU
		{F9D145B0-27AE-4655-8165-E3C540C6B9D3}.Debug|Any CPU.Build.0 = Debug|Any CPU
		{F9D145B0-27AE-4655-8165-E3C540C6B9D3}.Release|Any CPU.ActiveCfg = Release|Any CPU
		{F9D145B0-27AE-4655-8165-E3C540C6B9D3}.Release|Any CPU.Build.0 = Release|Any CPU
		{9B4ACC98-70AC-4D03-BCEA-744D405B9E28}.Debug|Any CPU.ActiveCfg = Debug|Any CPU
		{9B4ACC98-70AC-4D03-BCEA-744D405B9E28}.Debug|Any CPU.Build.0 = Debug|Any CPU
		{9B4ACC98-70AC-4D03-BCEA-744D405B9E28}.Release|Any CPU.ActiveCfg = Release|Any CPU
		{9B4ACC98-70AC-4D03-BCEA-744D405B9E28}.Release|Any CPU.Build.0 = Release|Any CPU
		{EE59B644-B0F1-4437-B68B-BC7366F9E77B}.Debug|Any CPU.ActiveCfg = Debug|Any CPU
		{EE59B644-B0F1-4437-B68B-BC7366F9E77B}.Debug|Any CPU.Build.0 = Debug|Any CPU
		{EE59B644-B0F1-4437-B68B-BC7366F9E77B}.Release|Any CPU.ActiveCfg = Release|Any CPU
		{EE59B644-B0F1-4437-B68B-BC7366F9E77B}.Release|Any CPU.Build.0 = Release|Any CPU
		{B7800BB9-0FF7-46D0-90DE-BCB4B8A3F2F3}.Debug|Any CPU.ActiveCfg = Debug|Any CPU
		{B7800BB9-0FF7-46D0-90DE-BCB4B8A3F2F3}.Debug|Any CPU.Build.0 = Debug|Any CPU
		{B7800BB9-0FF7-46D0-90DE-BCB4B8A3F2F3}.Release|Any CPU.ActiveCfg = Release|Any CPU
		{B7800BB9-0FF7-46D0-90DE-BCB4B8A3F2F3}.Release|Any CPU.Build.0 = Release|Any CPU
	EndGlobalSection
	GlobalSection(SolutionProperties) = preSolution
		HideSolutionNode = FALSE
	EndGlobalSection
	GlobalSection(ExtensibilityGlobals) = postSolution
		SolutionGuid = {80F49E2A-EC1B-4813-9CA3-95FC5BC1D799}
	EndGlobalSection
EndGlobal
